dependencies:
- name: infrastructure
  repository: https://activiti.github.io/activiti-cloud-charts/
  version: 1.1.5
- name: application
  repository: https://activiti.github.io/activiti-cloud-charts/
  version: 1.1.6
- name: activiti-cloud-modeling
  repository: https://activiti.github.io/activiti-cloud-charts/
  version: 1.1.6
- name: activiti7-runtime-bundle-adhoc-process
  repository: https://aleksl.github.io/activiti7-adhoc-process
  version: 0.1.0
- name: activiti7-cloud-connector-adhoc-process
  repository: https://aleksl.github.io/activiti7-adhoc-process
  version: 0.1.0
digest: sha256:0b4a09f455d3144480ef9fc61ea2b8540d9e303e64eebb5a5fa96289dbcb3da1
generated: 2019-03-15T10:52:24.326451+01:00
