dependencies:
- name: activiti7-runtime-bundle-adhoc-process
  repository: https://aleksl.github.io/activiti7-adhoc-process
  version: 0.1.0
- name: activiti7-cloud-connector-adhoc-process
  repository: https://aleksl.github.io/activiti7-adhoc-process
  version: 0.1.0
- name: infrastructure
  repository: https://activiti.github.io/activiti-cloud-charts/
  version: 1.1.5
- name: application
  repository: https://activiti.github.io/activiti-cloud-charts/
  version: 1.1.6
- name: activiti-cloud-modeling
  repository: https://activiti.github.io/activiti-cloud-charts/
  version: 1.1.6
digest: sha256:253af18964b899a9e9e4f0e27b0aa93290d2043d44a7b1969a5941debb25477e
generated: 2019-03-15T11:31:44.45259+01:00
